
Microsoft Visual Studio Solution File, Format Version 12.00
# Visual Studio Version 16
VisualStudioVersion = 16.0.31702.278
MinimumVisualStudioVersion = 10.0.40219.1
Project("{FAE04EC0-301F-11D3-BF4B-00C04F79EFBC}") = "TesteGithub", "TesteGithub\TesteGithub.csproj", "{99C6A1E2-12A7-4E4E-9D00-78014F8F7EA5}"
EndProject
Global
	GlobalSection(SolutionConfigurationPlatforms) = preSolution
		Debug|Any CPU = Debug|Any CPU
		Release|Any CPU = Release|Any CPU
	EndGlobalSection
	GlobalSection(ProjectConfigurationPlatforms) = postSolution
		{99C6A1E2-12A7-4E4E-9D00-78014F8F7EA5}.Debug|Any CPU.ActiveCfg = Debug|Any CPU
		{99C6A1E2-12A7-4E4E-9D00-78014F8F7EA5}.Debug|Any CPU.Build.0 = Debug|Any CPU
		{99C6A1E2-12A7-4E4E-9D00-78014F8F7EA5}.Release|Any CPU.ActiveCfg = Release|Any CPU
		{99C6A1E2-12A7-4E4E-9D00-78014F8F7EA5}.Release|Any CPU.Build.0 = Release|Any CPU
	EndGlobalSection
	GlobalSection(SolutionProperties) = preSolution
		HideSolutionNode = FALSE
	EndGlobalSection
	GlobalSection(ExtensibilityGlobals) = postSolution
		SolutionGuid = {40AD5082-C783-4724-ACA5-FEB075DDADBF}
	EndGlobalSection
EndGlobal
